
Microsoft Visual Studio Solution File, Format Version 12.00
# Visual Studio Version 17
VisualStudioVersion = 17.14.35821.62 d17.14
MinimumVisualStudioVersion = 10.0.40219.1
Project("{FAE04EC0-301F-11D3-BF4B-00C04F79EFBC}") = "AcunMedyaProject3", "AcunMedyaProject3\AcunMedyaProject3.csproj", "{1239AFE2-EA3C-48BE-9B9B-6DF2386B4471}"
EndProject
Global
	GlobalSection(SolutionConfigurationPlatforms) = preSolution
		Debug|Any CPU = Debug|Any CPU
		Release|Any CPU = Release|Any CPU
	EndGlobalSection
	GlobalSection(ProjectConfigurationPlatforms) = postSolution
		{1239AFE2-EA3C-48BE-9B9B-6DF2386B4471}.Debug|Any CPU.ActiveCfg = Debug|Any CPU
		{1239AFE2-EA3C-48BE-9B9B-6DF2386B4471}.Debug|Any CPU.Build.0 = Debug|Any CPU
		{1239AFE2-EA3C-48BE-9B9B-6DF2386B4471}.Release|Any CPU.ActiveCfg = Release|Any CPU
		{1239AFE2-EA3C-48BE-9B9B-6DF2386B4471}.Release|Any CPU.Build.0 = Release|Any CPU
	EndGlobalSection
	GlobalSection(SolutionProperties) = preSolution
		HideSolutionNode = FALSE
	EndGlobalSection
	GlobalSection(ExtensibilityGlobals) = postSolution
		SolutionGuid = {1441CAD5-89A5-4872-9372-2F3ECFA691C2}
	EndGlobalSection
EndGlobal
